
Microsoft Visual Studio Solution File, Format Version 12.00
# Visual Studio Version 17
VisualStudioVersion = 17.2.32802.462
MinimumVisualStudioVersion = 10.0.40219.1
Project("{FAE04EC0-301F-11D3-BF4B-00C04F79EFBC}") = "KilencedikHet_BSCSRJ", "KilencedikHet_BSCSRJ\KilencedikHet_BSCSRJ.csproj", "{0437A696-4522-45DB-9AAD-46C4FC53E409}"
EndProject
Global
	GlobalSection(SolutionConfigurationPlatforms) = preSolution
		Debug|Any CPU = Debug|Any CPU
		Release|Any CPU = Release|Any CPU
	EndGlobalSection
	GlobalSection(ProjectConfigurationPlatforms) = postSolution
		{0437A696-4522-45DB-9AAD-46C4FC53E409}.Debug|Any CPU.ActiveCfg = Debug|Any CPU
		{0437A696-4522-45DB-9AAD-46C4FC53E409}.Debug|Any CPU.Build.0 = Debug|Any CPU
		{0437A696-4522-45DB-9AAD-46C4FC53E409}.Release|Any CPU.ActiveCfg = Release|Any CPU
		{0437A696-4522-45DB-9AAD-46C4FC53E409}.Release|Any CPU.Build.0 = Release|Any CPU
	EndGlobalSection
	GlobalSection(SolutionProperties) = preSolution
		HideSolutionNode = FALSE
	EndGlobalSection
	GlobalSection(ExtensibilityGlobals) = postSolution
		SolutionGuid = {D595BCDD-B2B8-4CDC-82F8-53A1C8CD25B2}
	EndGlobalSection
EndGlobal
